// !$*UTF8*$!
{
	archiveVersion = 1;
	classes = {
	};
	objectVersion = 56;
	objects = {

/* Begin PBXBuildFile section */
		DE0D98042C0DDCBD00C0DC89 /* MovieApp_SwiftUIApp.swift in Sources */ = {isa = PBXBuildFile; fileRef = DE0D98032C0DDCBD00C0DC89 /* MovieApp_SwiftUIApp.swift */; };
		DE0D98062C0DDCBD00C0DC89 /* ContentView.swift in Sources */ = {isa = PBXBuildFile; fileRef = DE0D98052C0DDCBD00C0DC89 /* ContentView.swift */; };
		DE0D98082C0DDCBF00C0DC89 /* Assets.xcassets in Resources */ = {isa = PBXBuildFile; fileRef = DE0D98072C0DDCBF00C0DC89 /* Assets.xcassets */; };
		DE0D980B2C0DDCBF00C0DC89 /* Preview Assets.xcassets in Resources */ = {isa = PBXBuildFile; fileRef = DE0D980A2C0DDCBF00C0DC89 /* Preview Assets.xcassets */; };
		DE0D98182C0E009A00C0DC89 /* APIHelper.swift in Sources */ = {isa = PBXBuildFile; fileRef = DE0D98172C0E009A00C0DC89 /* APIHelper.swift */; };
		DE0D981A2C0E014700C0DC89 /* UserEndpoint.swift in Sources */ = {isa = PBXBuildFile; fileRef = DE0D98192C0E014700C0DC89 /* UserEndpoint.swift */; };
		DE0D981C2C0E02AE00C0DC89 /* APIClient.swift in Sources */ = {isa = PBXBuildFile; fileRef = DE0D981B2C0E02AE00C0DC89 /* APIClient.swift */; };
		DE0D981F2C0E0BBD00C0DC89 /* Post.swift in Sources */ = {isa = PBXBuildFile; fileRef = DE0D981E2C0E0BBD00C0DC89 /* Post.swift */; };
		DE0D98222C0E0C5300C0DC89 /* PostService.swift in Sources */ = {isa = PBXBuildFile; fileRef = DE0D98212C0E0C5300C0DC89 /* PostService.swift */; };
		DE11845B2C0F2B6700B04C18 /* PostViewModel.swift in Sources */ = {isa = PBXBuildFile; fileRef = DE11845A2C0F2B6700B04C18 /* PostViewModel.swift */; };
/* End PBXBuildFile section */

/* Begin PBXFileReference section */
		DE0D98002C0DDCBD00C0DC89 /* MovieApp-SwiftUI.app */ = {isa = PBXFileReference; explicitFileType = wrapper.application; includeInIndex = 0; path = "MovieApp-SwiftUI.app"; sourceTree = BUILT_PRODUCTS_DIR; };
		DE0D98032C0DDCBD00C0DC89 /* MovieApp_SwiftUIApp.swift */ = {isa = PBXFileReference; lastKnownFileType = sourcecode.swift; path = MovieApp_SwiftUIApp.swift; sourceTree = "<group>"; };
		DE0D98052C0DDCBD00C0DC89 /* ContentView.swift */ = {isa = PBXFileReference; lastKnownFileType = sourcecode.swift; path = ContentView.swift; sourceTree = "<group>"; };
		DE0D98072C0DDCBF00C0DC89 /* Assets.xcassets */ = {isa = PBXFileReference; lastKnownFileType = folder.assetcatalog; path = Assets.xcassets; sourceTree = "<group>"; };
		DE0D980A2C0DDCBF00C0DC89 /* Preview Assets.xcassets */ = {isa = PBXFileReference; lastKnownFileType = folder.assetcatalog; path = "Preview Assets.xcassets"; sourceTree = "<group>"; };
		DE0D98172C0E009A00C0DC89 /* APIHelper.swift */ = {isa = PBXFileReference; lastKnownFileType = sourcecode.swift; path = APIHelper.swift; sourceTree = "<group>"; };
		DE0D98192C0E014700C0DC89 /* UserEndpoint.swift */ = {isa = PBXFileReference; lastKnownFileType = sourcecode.swift; path = UserEndpoint.swift; sourceTree = "<group>"; };
		DE0D981B2C0E02AE00C0DC89 /* APIClient.swift */ = {isa = PBXFileReference; lastKnownFileType = sourcecode.swift; path = APIClient.swift; sourceTree = "<group>"; };
		DE0D981E2C0E0BBD00C0DC89 /* Post.swift */ = {isa = PBXFileReference; lastKnownFileType = sourcecode.swift; path = Post.swift; sourceTree = "<group>"; };
		DE0D98212C0E0C5300C0DC89 /* PostService.swift */ = {isa = PBXFileReference; lastKnownFileType = sourcecode.swift; path = PostService.swift; sourceTree = "<group>"; };
		DE11845A2C0F2B6700B04C18 /* PostViewModel.swift */ = {isa = PBXFileReference; lastKnownFileType = sourcecode.swift; path = PostViewModel.swift; sourceTree = "<group>"; };
/* End PBXFileReference section */

/* Begin PBXFrameworksBuildPhase section */
		DE0D97FD2C0DDCBD00C0DC89 /* Frameworks */ = {
			isa = PBXFrameworksBuildPhase;
			buildActionMask = 2147483647;
			files = (
			);
			runOnlyForDeploymentPostprocessing = 0;
		};
/* End PBXFrameworksBuildPhase section */

/* Begin PBXGroup section */
		DE0D97F72C0DDCBD00C0DC89 = {
			isa = PBXGroup;
			children = (
				DE0D98022C0DDCBD00C0DC89 /* MovieApp-SwiftUI */,
				DE0D98012C0DDCBD00C0DC89 /* Products */,
			);
			sourceTree = "<group>";
		};
		DE0D98012C0DDCBD00C0DC89 /* Products */ = {
			isa = PBXGroup;
			children = (
				DE0D98002C0DDCBD00C0DC89 /* MovieApp-SwiftUI.app */,
			);
			name = Products;
			sourceTree = "<group>";
		};
		DE0D98022C0DDCBD00C0DC89 /* MovieApp-SwiftUI */ = {
			isa = PBXGroup;
			children = (
				DE11845F2C0F2C9500B04C18 /* Utilities */,
				DE0D98202C0E0C4900C0DC89 /* Service */,
				DE0D981D2C0E0B7C00C0DC89 /* Model */,
				DE0D98162C0E009100C0DC89 /* Network */,
				DE0D98032C0DDCBD00C0DC89 /* MovieApp_SwiftUIApp.swift */,
				DE0D98052C0DDCBD00C0DC89 /* ContentView.swift */,
				DE0D98072C0DDCBF00C0DC89 /* Assets.xcassets */,
				DE0D98092C0DDCBF00C0DC89 /* Preview Content */,
				DE11845A2C0F2B6700B04C18 /* PostViewModel.swift */,
			);
			path = "MovieApp-SwiftUI";
			sourceTree = "<group>";
		};
		DE0D98092C0DDCBF00C0DC89 /* Preview Content */ = {
			isa = PBXGroup;
			children = (
				DE0D980A2C0DDCBF00C0DC89 /* Preview Assets.xcassets */,
			);
			path = "Preview Content";
			sourceTree = "<group>";
		};
		DE0D98162C0E009100C0DC89 /* Network */ = {
			isa = PBXGroup;
			children = (
				DE0D98172C0E009A00C0DC89 /* APIHelper.swift */,
				DE0D98192C0E014700C0DC89 /* UserEndpoint.swift */,
				DE0D981B2C0E02AE00C0DC89 /* APIClient.swift */,
			);
			path = Network;
			sourceTree = "<group>";
		};
		DE0D981D2C0E0B7C00C0DC89 /* Model */ = {
			isa = PBXGroup;
			children = (
				DE0D981E2C0E0BBD00C0DC89 /* Post.swift */,
			);
			path = Model;
			sourceTree = "<group>";
		};
		DE0D98202C0E0C4900C0DC89 /* Service */ = {
			isa = PBXGroup;
			children = (
				DE0D98212C0E0C5300C0DC89 /* PostService.swift */,
			);
			path = Service;
			sourceTree = "<group>";
		};
		DE11845C2C0F2C8300B04C18 /* Home */ = {
			isa = PBXGroup;
			children = (
				DE11845E2C0F2C8E00B04C18 /* ViewModel */,
				DE11845D2C0F2C8B00B04C18 /* View */,
			);
			path = Home;
			sourceTree = "<group>";
		};
		DE11845D2C0F2C8B00B04C18 /* View */ = {
			isa = PBXGroup;
			children = (
			);
			path = View;
			sourceTree = "<group>";
		};
		DE11845E2C0F2C8E00B04C18 /* ViewModel */ = {
			isa = PBXGroup;
			children = (
			);
			path = ViewModel;
			sourceTree = "<group>";
		};
		DE11845F2C0F2C9500B04C18 /* Utilities */ = {
			isa = PBXGroup;
			children = (
				DE11845C2C0F2C8300B04C18 /* Home */,
			);
			path = Utilities;
			sourceTree = "<group>";
		};
/* End PBXGroup section */

/* Begin PBXNativeTarget section */
		DE0D97FF2C0DDCBD00C0DC89 /* MovieApp-SwiftUI */ = {
			isa = PBXNativeTarget;
			buildConfigurationList = DE0D980E2C0DDCBF00C0DC89 /* Build configuration list for PBXNativeTarget "MovieApp-SwiftUI" */;
			buildPhases = (
				DE0D97FC2C0DDCBD00C0DC89 /* Sources */,
				DE0D97FD2C0DDCBD00C0DC89 /* Frameworks */,
				DE0D97FE2C0DDCBD00C0DC89 /* Resources */,
			);
			buildRules = (
			);
			dependencies = (
			);
			name = "MovieApp-SwiftUI";
			productName = "MovieApp-SwiftUI";
			productReference = DE0D98002C0DDCBD00C0DC89 /* MovieApp-SwiftUI.app */;
			productType = "com.apple.product-type.application";
		};
/* End PBXNativeTarget section */

/* Begin PBXProject section */
		DE0D97F82C0DDCBD00C0DC89 /* Project object */ = {
			isa = PBXProject;
			attributes = {
				BuildIndependentTargetsInParallel = 1;
				LastSwiftUpdateCheck = 1500;
				LastUpgradeCheck = 1500;
				TargetAttributes = {
					DE0D97FF2C0DDCBD00C0DC89 = {
						CreatedOnToolsVersion = 15.0;
					};
				};
			};
			buildConfigurationList = DE0D97FB2C0DDCBD00C0DC89 /* Build configuration list for PBXProject "MovieApp-SwiftUI" */;
			compatibilityVersion = "Xcode 14.0";
			developmentRegion = en;
			hasScannedForEncodings = 0;
			knownRegions = (
				en,
				Base,
			);
			mainGroup = DE0D97F72C0DDCBD00C0DC89;
			productRefGroup = DE0D98012C0DDCBD00C0DC89 /* Products */;
			projectDirPath = "";
			projectRoot = "";
			targets = (
				DE0D97FF2C0DDCBD00C0DC89 /* MovieApp-SwiftUI */,
			);
		};
/* End PBXProject section */

/* Begin PBXResourcesBuildPhase section */
		DE0D97FE2C0DDCBD00C0DC89 /* Resources */ = {
			isa = PBXResourcesBuildPhase;
			buildActionMask = 2147483647;
			files = (
				DE0D980B2C0DDCBF00C0DC89 /* Preview Assets.xcassets in Resources */,
				DE0D98082C0DDCBF00C0DC89 /* Assets.xcassets in Resources */,
			);
			runOnlyForDeploymentPostprocessing = 0;
		};
/* End PBXResourcesBuildPhase section */

/* Begin PBXSourcesBuildPhase section */
		DE0D97FC2C0DDCBD00C0DC89 /* Sources */ = {
			isa = PBXSourcesBuildPhase;
			buildActionMask = 2147483647;
			files = (
				DE11845B2C0F2B6700B04C18 /* PostViewModel.swift in Sources */,
				DE0D98182C0E009A00C0DC89 /* APIHelper.swift in Sources */,
				DE0D981A2C0E014700C0DC89 /* UserEndpoint.swift in Sources */,
				DE0D98222C0E0C5300C0DC89 /* PostService.swift in Sources */,
				DE0D98062C0DDCBD00C0DC89 /* ContentView.swift in Sources */,
				DE0D981F2C0E0BBD00C0DC89 /* Post.swift in Sources */,
				DE0D981C2C0E02AE00C0DC89 /* APIClient.swift in Sources */,
				DE0D98042C0DDCBD00C0DC89 /* MovieApp_SwiftUIApp.swift in Sources */,
			);
			runOnlyForDeploymentPostprocessing = 0;
		};
/* End PBXSourcesBuildPhase section */

/* Begin XCBuildConfiguration section */
		DE0D980C2C0DDCBF00C0DC89 /* Debug */ = {
			isa = XCBuildConfiguration;
			buildSettings = {
				ALWAYS_SEARCH_USER_PATHS = NO;
				ASSETCATALOG_COMPILER_GENERATE_SWIFT_ASSET_SYMBOL_EXTENSIONS = YES;
				CLANG_ANALYZER_NONNULL = YES;
				CLANG_ANALYZER_NUMBER_OBJECT_CONVERSION = YES_AGGRESSIVE;
				CLANG_CXX_LANGUAGE_STANDARD = "gnu++20";
				CLANG_ENABLE_MODULES = YES;
				CLANG_ENABLE_OBJC_ARC = YES;
				CLANG_ENABLE_OBJC_WEAK = YES;
				CLANG_WARN_BLOCK_CAPTURE_AUTORELEASING = YES;
				CLANG_WARN_BOOL_CONVERSION = YES;
				CLANG_WARN_COMMA = YES;
				CLANG_WARN_CONSTANT_CONVERSION = YES;
				CLANG_WARN_DEPRECATED_OBJC_IMPLEMENTATIONS = YES;
				CLANG_WARN_DIRECT_OBJC_ISA_USAGE = YES_ERROR;
				CLANG_WARN_DOCUMENTATION_COMMENTS = YES;
				CLANG_WARN_EMPTY_BODY = YES;
				CLANG_WARN_ENUM_CONVERSION = YES;
				CLANG_WARN_INFINITE_RECURSION = YES;
				CLANG_WARN_INT_CONVERSION = YES;
				CLANG_WARN_NON_LITERAL_NULL_CONVERSION = YES;
				CLANG_WARN_OBJC_IMPLICIT_RETAIN_SELF = YES;
				CLANG_WARN_OBJC_LITERAL_CONVERSION = YES;
				CLANG_WARN_OBJC_ROOT_CLASS = YES_ERROR;
				CLANG_WARN_QUOTED_INCLUDE_IN_FRAMEWORK_HEADER = YES;
				CLANG_WARN_RANGE_LOOP_ANALYSIS = YES;
				CLANG_WARN_STRICT_PROTOTYPES = YES;
				CLANG_WARN_SUSPICIOUS_MOVE = YES;
				CLANG_WARN_UNGUARDED_AVAILABILITY = YES_AGGRESSIVE;
				CLANG_WARN_UNREACHABLE_CODE = YES;
				CLANG_WARN__DUPLICATE_METHOD_MATCH = YES;
				COPY_PHASE_STRIP = NO;
				DEBUG_INFORMATION_FORMAT = dwarf;
				ENABLE_STRICT_OBJC_MSGSEND = YES;
				ENABLE_TESTABILITY = YES;
				ENABLE_USER_SCRIPT_SANDBOXING = YES;
				GCC_C_LANGUAGE_STANDARD = gnu17;
				GCC_DYNAMIC_NO_PIC = NO;
				GCC_NO_COMMON_BLOCKS = YES;
				GCC_OPTIMIZATION_LEVEL = 0;
				GCC_PREPROCESSOR_DEFINITIONS = (
					"DEBUG=1",
					"$(inherited)",
				);
				GCC_WARN_64_TO_32_BIT_CONVERSION = YES;
				GCC_WARN_ABOUT_RETURN_TYPE = YES_ERROR;
				GCC_WARN_UNDECLARED_SELECTOR = YES;
				GCC_WARN_UNINITIALIZED_AUTOS = YES_AGGRESSIVE;
				GCC_WARN_UNUSED_FUNCTION = YES;
				GCC_WARN_UNUSED_VARIABLE = YES;
				IPHONEOS_DEPLOYMENT_TARGET = 17.0;
				LOCALIZATION_PREFERS_STRING_CATALOGS = YES;
				MTL_ENABLE_DEBUG_INFO = INCLUDE_SOURCE;
				MTL_FAST_MATH = YES;
				ONLY_ACTIVE_ARCH = YES;
				SDKROOT = iphoneos;
				SWIFT_ACTIVE_COMPILATION_CONDITIONS = "DEBUG $(inherited)";
				SWIFT_OPTIMIZATION_LEVEL = "-Onone";
			};
			name = Debug;
		};
		DE0D980D2C0DDCBF00C0DC89 /* Release */ = {
			isa = XCBuildConfiguration;
			buildSettings = {
				ALWAYS_SEARCH_USER_PATHS = NO;
				ASSETCATALOG_COMPILER_GENERATE_SWIFT_ASSET_SYMBOL_EXTENSIONS = YES;
				CLANG_ANALYZER_NONNULL = YES;
				CLANG_ANALYZER_NUMBER_OBJECT_CONVERSION = YES_AGGRESSIVE;
				CLANG_CXX_LANGUAGE_STANDARD = "gnu++20";
				CLANG_ENABLE_MODULES = YES;
				CLANG_ENABLE_OBJC_ARC = YES;
				CLANG_ENABLE_OBJC_WEAK = YES;
				CLANG_WARN_BLOCK_CAPTURE_AUTORELEASING = YES;
				CLANG_WARN_BOOL_CONVERSION = YES;
				CLANG_WARN_COMMA = YES;
				CLANG_WARN_CONSTANT_CONVERSION = YES;
				CLANG_WARN_DEPRECATED_OBJC_IMPLEMENTATIONS = YES;
				CLANG_WARN_DIRECT_OBJC_ISA_USAGE = YES_ERROR;
				CLANG_WARN_DOCUMENTATION_COMMENTS = YES;
				CLANG_WARN_EMPTY_BODY = YES;
				CLANG_WARN_ENUM_CONVERSION = YES;
				CLANG_WARN_INFINITE_RECURSION = YES;
				CLANG_WARN_INT_CONVERSION = YES;
				CLANG_WARN_NON_LITERAL_NULL_CONVERSION = YES;
				CLANG_WARN_OBJC_IMPLICIT_RETAIN_SELF = YES;
				CLANG_WARN_OBJC_LITERAL_CONVERSION = YES;
				CLANG_WARN_OBJC_ROOT_CLASS = YES_ERROR;
				CLANG_WARN_QUOTED_INCLUDE_IN_FRAMEWORK_HEADER = YES;
				CLANG_WARN_RANGE_LOOP_ANALYSIS = YES;
				CLANG_WARN_STRICT_PROTOTYPES = YES;
				CLANG_WARN_SUSPICIOUS_MOVE = YES;
				CLANG_WARN_UNGUARDED_AVAILABILITY = YES_AGGRESSIVE;
				CLANG_WARN_UNREACHABLE_CODE = YES;
				CLANG_WARN__DUPLICATE_METHOD_MATCH = YES;
				COPY_PHASE_STRIP = NO;
				DEBUG_INFORMATION_FORMAT = "dwarf-with-dsym";
				ENABLE_NS_ASSERTIONS = NO;
				ENABLE_STRICT_OBJC_MSGSEND = YES;
				ENABLE_USER_SCRIPT_SANDBOXING = YES;
				GCC_C_LANGUAGE_STANDARD = gnu17;
				GCC_NO_COMMON_BLOCKS = YES;
				GCC_WARN_64_TO_32_BIT_CONVERSION = YES;
				GCC_WARN_ABOUT_RETURN_TYPE = YES_ERROR;
				GCC_WARN_UNDECLARED_SELECTOR = YES;
				GCC_WARN_UNINITIALIZED_AUTOS = YES_AGGRESSIVE;
				GCC_WARN_UNUSED_FUNCTION = YES;
				GCC_WARN_UNUSED_VARIABLE = YES;
				IPHONEOS_DEPLOYMENT_TARGET = 17.0;
				LOCALIZATION_PREFERS_STRING_CATALOGS = YES;
				MTL_ENABLE_DEBUG_INFO = NO;
				MTL_FAST_MATH = YES;
				SDKROOT = iphoneos;
				SWIFT_COMPILATION_MODE = wholemodule;
				VALIDATE_PRODUCT = YES;
			};
			name = Release;
		};
		DE0D980F2C0DDCBF00C0DC89 /* Debug */ = {
			isa = XCBuildConfiguration;
			buildSettings = {
				ASSETCATALOG_COMPILER_APPICON_NAME = AppIcon;
				ASSETCATALOG_COMPILER_GLOBAL_ACCENT_COLOR_NAME = AccentColor;
				CODE_SIGN_STYLE = Automatic;
				CURRENT_PROJECT_VERSION = 1;
				DEVELOPMENT_ASSET_PATHS = "\"MovieApp-SwiftUI/Preview Content\"";
				DEVELOPMENT_TEAM = JKQNUCPDQL;
				ENABLE_PREVIEWS = YES;
				GENERATE_INFOPLIST_FILE = YES;
				INFOPLIST_KEY_UIApplicationSceneManifest_Generation = YES;
				INFOPLIST_KEY_UIApplicationSupportsIndirectInputEvents = YES;
				INFOPLIST_KEY_UILaunchScreen_Generation = YES;
				INFOPLIST_KEY_UISupportedInterfaceOrientations_iPad = "UIInterfaceOrientationPortrait UIInterfaceOrientationPortraitUpsideDown UIInterfaceOrientationLandscapeLeft UIInterfaceOrientationLandscapeRight";
				INFOPLIST_KEY_UISupportedInterfaceOrientations_iPhone = "UIInterfaceOrientationPortrait UIInterfaceOrientationLandscapeLeft UIInterfaceOrientationLandscapeRight";
				LD_RUNPATH_SEARCH_PATHS = (
					"$(inherited)",
					"@executable_path/Frameworks",
				);
				MARKETING_VERSION = 1.0;
				PRODUCT_BUNDLE_IDENTIFIER = "com.agorkem.MovieApp-SwiftUI";
				PRODUCT_NAME = "$(TARGET_NAME)";
				SWIFT_EMIT_LOC_STRINGS = YES;
				SWIFT_VERSION = 5.0;
				TARGETED_DEVICE_FAMILY = "1,2";
			};
			name = Debug;
		};
		DE0D98102C0DDCBF00C0DC89 /* Release */ = {
			isa = XCBuildConfiguration;
			buildSettings = {
				ASSETCATALOG_COMPILER_APPICON_NAME = AppIcon;
				ASSETCATALOG_COMPILER_GLOBAL_ACCENT_COLOR_NAME = AccentColor;
				CODE_SIGN_STYLE = Automatic;
				CURRENT_PROJECT_VERSION = 1;
				DEVELOPMENT_ASSET_PATHS = "\"MovieApp-SwiftUI/Preview Content\"";
				DEVELOPMENT_TEAM = JKQNUCPDQL;
				ENABLE_PREVIEWS = YES;
				GENERATE_INFOPLIST_FILE = YES;
				INFOPLIST_KEY_UIApplicationSceneManifest_Generation = YES;
				INFOPLIST_KEY_UIApplicationSupportsIndirectInputEvents = YES;
				INFOPLIST_KEY_UILaunchScreen_Generation = YES;
				INFOPLIST_KEY_UISupportedInterfaceOrientations_iPad = "UIInterfaceOrientationPortrait UIInterfaceOrientationPortraitUpsideDown UIInterfaceOrientationLandscapeLeft UIInterfaceOrientationLandscapeRight";
				INFOPLIST_KEY_UISupportedInterfaceOrientations_iPhone = "UIInterfaceOrientationPortrait UIInterfaceOrientationLandscapeLeft UIInterfaceOrientationLandscapeRight";
				LD_RUNPATH_SEARCH_PATHS = (
					"$(inherited)",
					"@executable_path/Frameworks",
				);
				MARKETING_VERSION = 1.0;
				PRODUCT_BUNDLE_IDENTIFIER = "com.agorkem.MovieApp-SwiftUI";
				PRODUCT_NAME = "$(TARGET_NAME)";
				SWIFT_EMIT_LOC_STRINGS = YES;
				SWIFT_VERSION = 5.0;
				TARGETED_DEVICE_FAMILY = "1,2";
			};
			name = Release;
		};
/* End XCBuildConfiguration section */

/* Begin XCConfigurationList section */
		DE0D97FB2C0DDCBD00C0DC89 /* Build configuration list for PBXProject "MovieApp-SwiftUI" */ = {
			isa = XCConfigurationList;
			buildConfigurations = (
				DE0D980C2C0DDCBF00C0DC89 /* Debug */,
				DE0D980D2C0DDCBF00C0DC89 /* Release */,
			);
			defaultConfigurationIsVisible = 0;
			defaultConfigurationName = Release;
		};
		DE0D980E2C0DDCBF00C0DC89 /* Build configuration list for PBXNativeTarget "MovieApp-SwiftUI" */ = {
			isa = XCConfigurationList;
			buildConfigurations = (
				DE0D980F2C0DDCBF00C0DC89 /* Debug */,
				DE0D98102C0DDCBF00C0DC89 /* Release */,
			);
			defaultConfigurationIsVisible = 0;
			defaultConfigurationName = Release;
		};
/* End XCConfigurationList section */
	};
	rootObject = DE0D97F82C0DDCBD00C0DC89 /* Project object */;
}
